
Microsoft Visual Studio Solution File, Format Version 12.00
# Visual Studio Version 17
VisualStudioVersion = 17.7.34031.279
MinimumVisualStudioVersion = 10.0.40219.1
Project("{FAE04EC0-301F-11D3-BF4B-00C04F79EFBC}") = "дима", "дима\дима.csproj", "{A1BED824-839E-4E5C-8F5F-A62CC71E515B}"
EndProject
Global
	GlobalSection(SolutionConfigurationPlatforms) = preSolution
		Debug|Any CPU = Debug|Any CPU
		Release|Any CPU = Release|Any CPU
	EndGlobalSection
	GlobalSection(ProjectConfigurationPlatforms) = postSolution
		{A1BED824-839E-4E5C-8F5F-A62CC71E515B}.Debug|Any CPU.ActiveCfg = Debug|Any CPU
		{A1BED824-839E-4E5C-8F5F-A62CC71E515B}.Debug|Any CPU.Build.0 = Debug|Any CPU
		{A1BED824-839E-4E5C-8F5F-A62CC71E515B}.Release|Any CPU.ActiveCfg = Release|Any CPU
		{A1BED824-839E-4E5C-8F5F-A62CC71E515B}.Release|Any CPU.Build.0 = Release|Any CPU
	EndGlobalSection
	GlobalSection(SolutionProperties) = preSolution
		HideSolutionNode = FALSE
	EndGlobalSection
	GlobalSection(ExtensibilityGlobals) = postSolution
		SolutionGuid = {03015216-6E11-46D6-82C8-56CD3A130E0A}
	EndGlobalSection
EndGlobal
